
Microsoft Visual Studio Solution File, Format Version 12.00
Project("{FAE04EC0-301F-11D3-BF4B-00C04F79EFBC}") = "DS_IP92_LR6.1_ZalizchukD", "DS_IP92_LR6.1_ZalizchukD\DS_IP92_LR6.1_ZalizchukD.csproj", "{312541E4-DE3D-4BCC-A9C5-49633BE098BF}"
EndProject
Global
	GlobalSection(SolutionConfigurationPlatforms) = preSolution
		Debug|Any CPU = Debug|Any CPU
		Release|Any CPU = Release|Any CPU
	EndGlobalSection
	GlobalSection(ProjectConfigurationPlatforms) = postSolution
		{312541E4-DE3D-4BCC-A9C5-49633BE098BF}.Debug|Any CPU.ActiveCfg = Debug|Any CPU
		{312541E4-DE3D-4BCC-A9C5-49633BE098BF}.Debug|Any CPU.Build.0 = Debug|Any CPU
		{312541E4-DE3D-4BCC-A9C5-49633BE098BF}.Release|Any CPU.ActiveCfg = Release|Any CPU
		{312541E4-DE3D-4BCC-A9C5-49633BE098BF}.Release|Any CPU.Build.0 = Release|Any CPU
	EndGlobalSection
EndGlobal
